
Microsoft Visual Studio Solution File, Format Version 12.00
# Visual Studio Version 17
VisualStudioVersion = 17.3.32901.215
MinimumVisualStudioVersion = 10.0.40219.1
Project("{FAE04EC0-301F-11D3-BF4B-00C04F79EFBC}") = "NorthwindAPI", "NorthwindAPI\NorthwindAPI.csproj", "{1112D216-B71C-4BE2-80FF-A432F8956B1A}"
EndProject
Global
	GlobalSection(SolutionConfigurationPlatforms) = preSolution
		Debug|Any CPU = Debug|Any CPU
		Release|Any CPU = Release|Any CPU
	EndGlobalSection
	GlobalSection(ProjectConfigurationPlatforms) = postSolution
		{1112D216-B71C-4BE2-80FF-A432F8956B1A}.Debug|Any CPU.ActiveCfg = Debug|Any CPU
		{1112D216-B71C-4BE2-80FF-A432F8956B1A}.Debug|Any CPU.Build.0 = Debug|Any CPU
		{1112D216-B71C-4BE2-80FF-A432F8956B1A}.Release|Any CPU.ActiveCfg = Release|Any CPU
		{1112D216-B71C-4BE2-80FF-A432F8956B1A}.Release|Any CPU.Build.0 = Release|Any CPU
	EndGlobalSection
	GlobalSection(SolutionProperties) = preSolution
		HideSolutionNode = FALSE
	EndGlobalSection
	GlobalSection(ExtensibilityGlobals) = postSolution
		SolutionGuid = {7A39E509-F3BF-4BA1-9194-716201EE9CCD}
	EndGlobalSection
EndGlobal
